
Microsoft Visual Studio Solution File, Format Version 12.00
# Visual Studio Version 16
VisualStudioVersion = 25.0.1705.6
MinimumVisualStudioVersion = 10.0.40219.1
Project("{FAE04EC0-301F-11D3-BF4B-00C04F79EFBC}") = "ISP_Project", "ISP_Project\ISP_Project.csproj", "{0D77C2D2-F27A-4475-8B05-72273A02B2E7}"
EndProject
Global
	GlobalSection(SolutionConfigurationPlatforms) = preSolution
		Debug|Any CPU = Debug|Any CPU
		Release|Any CPU = Release|Any CPU
	EndGlobalSection
	GlobalSection(ProjectConfigurationPlatforms) = postSolution
		{0D77C2D2-F27A-4475-8B05-72273A02B2E7}.Debug|Any CPU.ActiveCfg = Debug|Any CPU
		{0D77C2D2-F27A-4475-8B05-72273A02B2E7}.Debug|Any CPU.Build.0 = Debug|Any CPU
		{0D77C2D2-F27A-4475-8B05-72273A02B2E7}.Release|Any CPU.ActiveCfg = Release|Any CPU
		{0D77C2D2-F27A-4475-8B05-72273A02B2E7}.Release|Any CPU.Build.0 = Release|Any CPU
	EndGlobalSection
	GlobalSection(SolutionProperties) = preSolution
		HideSolutionNode = FALSE
	EndGlobalSection
	GlobalSection(ExtensibilityGlobals) = postSolution
		SolutionGuid = {DC9FEC8E-5CB8-4055-8F66-4529CC813930}
	EndGlobalSection
EndGlobal
